
Microsoft Visual Studio Solution File, Format Version 12.00
# Visual Studio Version 17
VisualStudioVersion = 17.12.35707.178 d17.12
MinimumVisualStudioVersion = 15.0.26124.0
Project("{FAE04EC0-301F-11D3-BF4B-00C04F79EFBC}") = "API", "API\API.csproj", "{1BC0273F-FEBE-4DA1-BC04-3A3167E4C86C}"
EndProject
Project("{FAE04EC0-301F-11D3-BF4B-00C04F79EFBC}") = "API.Tests", "API.Tests\API.Tests.csproj", "{6F7910F2-1B95-4570-A490-519C8935B9D1}"
EndProject
Project("{FAE04EC0-301F-11D3-BF4B-00C04F79EFBC}") = "Kavita.Common", "Kavita.Common\Kavita.Common.csproj", "{165A86F5-9E74-4C05-9305-A6F0BA32C9EE}"
EndProject
Project("{FAE04EC0-301F-11D3-BF4B-00C04F79EFBC}") = "API.Benchmark", "API.Benchmark\API.Benchmark.csproj", "{3D781D18-2452-421F-A81A-59254FEE1FEC}"
EndProject
Project("{E24C65DC-7377-472B-9ABA-BC803B73C61A}") = "UI", "UI\", "{985B8BC3-A483-486D-97D3-C6450BDFA25A}"
	ProjectSection(WebsiteProperties) = preProject
		TargetFrameworkMoniker = ".NETFramework,Version%3Dv4.8"
		Debug.AspNetCompiler.VirtualPath = "/localhost_55664"
		Debug.AspNetCompiler.PhysicalPath = "UI\"
		Debug.AspNetCompiler.TargetPath = "PrecompiledWeb\localhost_55664\"
		Debug.AspNetCompiler.Updateable = "true"
		Debug.AspNetCompiler.ForceOverwrite = "true"
		Debug.AspNetCompiler.FixedNames = "false"
		Debug.AspNetCompiler.Debug = "True"
		Release.AspNetCompiler.VirtualPath = "/localhost_55664"
		Release.AspNetCompiler.PhysicalPath = "UI\"
		Release.AspNetCompiler.TargetPath = "PrecompiledWeb\localhost_55664\"
		Release.AspNetCompiler.Updateable = "true"
		Release.AspNetCompiler.ForceOverwrite = "true"
		Release.AspNetCompiler.FixedNames = "false"
		Release.AspNetCompiler.Debug = "False"
		VWDPort = "55664"
		SlnRelativePath = "UI\"
	EndProjectSection
EndProject
Global
	GlobalSection(SolutionConfigurationPlatforms) = preSolution
		Debug|Any CPU = Debug|Any CPU
		Debug|x64 = Debug|x64
		Debug|x86 = Debug|x86
		Release|Any CPU = Release|Any CPU
		Release|x64 = Release|x64
		Release|x86 = Release|x86
	EndGlobalSection
	GlobalSection(ProjectConfigurationPlatforms) = postSolution
		{1BC0273F-FEBE-4DA1-BC04-3A3167E4C86C}.Debug|Any CPU.ActiveCfg = Debug|Any CPU
		{1BC0273F-FEBE-4DA1-BC04-3A3167E4C86C}.Debug|Any CPU.Build.0 = Debug|Any CPU
		{1BC0273F-FEBE-4DA1-BC04-3A3167E4C86C}.Debug|x64.ActiveCfg = Debug|Any CPU
		{1BC0273F-FEBE-4DA1-BC04-3A3167E4C86C}.Debug|x64.Build.0 = Debug|Any CPU
		{1BC0273F-FEBE-4DA1-BC04-3A3167E4C86C}.Debug|x86.ActiveCfg = Debug|Any CPU
		{1BC0273F-FEBE-4DA1-BC04-3A3167E4C86C}.Debug|x86.Build.0 = Debug|Any CPU
		{1BC0273F-FEBE-4DA1-BC04-3A3167E4C86C}.Release|Any CPU.ActiveCfg = Release|Any CPU
		{1BC0273F-FEBE-4DA1-BC04-3A3167E4C86C}.Release|Any CPU.Build.0 = Release|Any CPU
		{1BC0273F-FEBE-4DA1-BC04-3A3167E4C86C}.Release|x64.ActiveCfg = Release|Any CPU
		{1BC0273F-FEBE-4DA1-BC04-3A3167E4C86C}.Release|x64.Build.0 = Release|Any CPU
		{1BC0273F-FEBE-4DA1-BC04-3A3167E4C86C}.Release|x86.ActiveCfg = Release|Any CPU
		{1BC0273F-FEBE-4DA1-BC04-3A3167E4C86C}.Release|x86.Build.0 = Release|Any CPU
		{6F7910F2-1B95-4570-A490-519C8935B9D1}.Debug|Any CPU.ActiveCfg = Debug|Any CPU
		{6F7910F2-1B95-4570-A490-519C8935B9D1}.Debug|Any CPU.Build.0 = Debug|Any CPU
		{6F7910F2-1B95-4570-A490-519C8935B9D1}.Debug|x64.ActiveCfg = Debug|Any CPU
		{6F7910F2-1B95-4570-A490-519C8935B9D1}.Debug|x64.Build.0 = Debug|Any CPU
		{6F7910F2-1B95-4570-A490-519C8935B9D1}.Debug|x86.ActiveCfg = Debug|Any CPU
		{6F7910F2-1B95-4570-A490-519C8935B9D1}.Debug|x86.Build.0 = Debug|Any CPU
		{6F7910F2-1B95-4570-A490-519C8935B9D1}.Release|Any CPU.ActiveCfg = Release|Any CPU
		{6F7910F2-1B95-4570-A490-519C8935B9D1}.Release|Any CPU.Build.0 = Release|Any CPU
		{6F7910F2-1B95-4570-A490-519C8935B9D1}.Release|x64.ActiveCfg = Release|Any CPU
		{6F7910F2-1B95-4570-A490-519C8935B9D1}.Release|x64.Build.0 = Release|Any CPU
		{6F7910F2-1B95-4570-A490-519C8935B9D1}.Release|x86.ActiveCfg = Release|Any CPU
		{6F7910F2-1B95-4570-A490-519C8935B9D1}.Release|x86.Build.0 = Release|Any CPU
		{165A86F5-9E74-4C05-9305-A6F0BA32C9EE}.Debug|Any CPU.ActiveCfg = Debug|Any CPU
		{165A86F5-9E74-4C05-9305-A6F0BA32C9EE}.Debug|Any CPU.Build.0 = Debug|Any CPU
		{165A86F5-9E74-4C05-9305-A6F0BA32C9EE}.Debug|x64.ActiveCfg = Debug|Any CPU
		{165A86F5-9E74-4C05-9305-A6F0BA32C9EE}.Debug|x64.Build.0 = Debug|Any CPU
		{165A86F5-9E74-4C05-9305-A6F0BA32C9EE}.Debug|x86.ActiveCfg = Debug|Any CPU
		{165A86F5-9E74-4C05-9305-A6F0BA32C9EE}.Debug|x86.Build.0 = Debug|Any CPU
		{165A86F5-9E74-4C05-9305-A6F0BA32C9EE}.Release|Any CPU.ActiveCfg = Release|Any CPU
		{165A86F5-9E74-4C05-9305-A6F0BA32C9EE}.Release|Any CPU.Build.0 = Release|Any CPU
		{165A86F5-9E74-4C05-9305-A6F0BA32C9EE}.Release|x64.ActiveCfg = Release|Any CPU
		{165A86F5-9E74-4C05-9305-A6F0BA32C9EE}.Release|x64.Build.0 = Release|Any CPU
		{165A86F5-9E74-4C05-9305-A6F0BA32C9EE}.Release|x86.ActiveCfg = Release|Any CPU
		{165A86F5-9E74-4C05-9305-A6F0BA32C9EE}.Release|x86.Build.0 = Release|Any CPU
		{3D781D18-2452-421F-A81A-59254FEE1FEC}.Debug|Any CPU.ActiveCfg = Debug|Any CPU
		{3D781D18-2452-421F-A81A-59254FEE1FEC}.Debug|Any CPU.Build.0 = Debug|Any CPU
		{3D781D18-2452-421F-A81A-59254FEE1FEC}.Debug|x64.ActiveCfg = Debug|Any CPU
		{3D781D18-2452-421F-A81A-59254FEE1FEC}.Debug|x64.Build.0 = Debug|Any CPU
		{3D781D18-2452-421F-A81A-59254FEE1FEC}.Debug|x86.ActiveCfg = Debug|Any CPU
		{3D781D18-2452-421F-A81A-59254FEE1FEC}.Debug|x86.Build.0 = Debug|Any CPU
		{3D781D18-2452-421F-A81A-59254FEE1FEC}.Release|Any CPU.ActiveCfg = Release|Any CPU
		{3D781D18-2452-421F-A81A-59254FEE1FEC}.Release|Any CPU.Build.0 = Release|Any CPU
		{3D781D18-2452-421F-A81A-59254FEE1FEC}.Release|x64.ActiveCfg = Release|Any CPU
		{3D781D18-2452-421F-A81A-59254FEE1FEC}.Release|x64.Build.0 = Release|Any CPU
		{3D781D18-2452-421F-A81A-59254FEE1FEC}.Release|x86.ActiveCfg = Release|Any CPU
		{3D781D18-2452-421F-A81A-59254FEE1FEC}.Release|x86.Build.0 = Release|Any CPU
		{985B8BC3-A483-486D-97D3-C6450BDFA25A}.Debug|Any CPU.ActiveCfg = Debug|Any CPU
		{985B8BC3-A483-486D-97D3-C6450BDFA25A}.Debug|Any CPU.Build.0 = Debug|Any CPU
		{985B8BC3-A483-486D-97D3-C6450BDFA25A}.Debug|x64.ActiveCfg = Debug|Any CPU
		{985B8BC3-A483-486D-97D3-C6450BDFA25A}.Debug|x64.Build.0 = Debug|Any CPU
		{985B8BC3-A483-486D-97D3-C6450BDFA25A}.Debug|x86.ActiveCfg = Debug|Any CPU
		{985B8BC3-A483-486D-97D3-C6450BDFA25A}.Debug|x86.Build.0 = Debug|Any CPU
		{985B8BC3-A483-486D-97D3-C6450BDFA25A}.Release|Any CPU.ActiveCfg = Debug|Any CPU
		{985B8BC3-A483-486D-97D3-C6450BDFA25A}.Release|Any CPU.Build.0 = Debug|Any CPU
		{985B8BC3-A483-486D-97D3-C6450BDFA25A}.Release|x64.ActiveCfg = Debug|Any CPU
		{985B8BC3-A483-486D-97D3-C6450BDFA25A}.Release|x64.Build.0 = Debug|Any CPU
		{985B8BC3-A483-486D-97D3-C6450BDFA25A}.Release|x86.ActiveCfg = Debug|Any CPU
		{985B8BC3-A483-486D-97D3-C6450BDFA25A}.Release|x86.Build.0 = Debug|Any CPU
	EndGlobalSection
	GlobalSection(SolutionProperties) = preSolution
		HideSolutionNode = FALSE
	EndGlobalSection
EndGlobal
